// !$*UTF8*$!
{
	archiveVersion = 1;
	classes = {
	};
	objectVersion = 55;
	objects = {

/* Begin PBXBuildFile section */
		557382BC16D433A2BF153F8B /* Pods_MLKitDemo.framework in Frameworks */ = {isa = PBXBuildFile; fileRef = 1E64E749F6CDA06F9F995773 /* Pods_MLKitDemo.framework */; };
		A63662BA28E43DE900EB003F /* PlayerViewController.swift in Sources */ = {isa = PBXBuildFile; fileRef = A63662B928E43DE900EB003F /* PlayerViewController.swift */; };
		A63662BD28E6CAC700EB003F /* liberty.jpg in Resources */ = {isa = PBXBuildFile; fileRef = A63662BC28E6CAC500EB003F /* liberty.jpg */; };
		A63662C328E6D9C400EB003F /* minhanh.jpg in Resources */ = {isa = PBXBuildFile; fileRef = A63662C128E6D9C400EB003F /* minhanh.jpg */; };
		A64D459A28E9C43300F04672 /* Extension.swift in Sources */ = {isa = PBXBuildFile; fileRef = A64D459928E9C43300F04672 /* Extension.swift */; };
		A66D961D28D856BC008F9079 /* AppDelegate.swift in Sources */ = {isa = PBXBuildFile; fileRef = A66D961C28D856BC008F9079 /* AppDelegate.swift */; };
		A66D961F28D856BC008F9079 /* SceneDelegate.swift in Sources */ = {isa = PBXBuildFile; fileRef = A66D961E28D856BC008F9079 /* SceneDelegate.swift */; };
		A66D962128D856BC008F9079 /* ViewController.swift in Sources */ = {isa = PBXBuildFile; fileRef = A66D962028D856BC008F9079 /* ViewController.swift */; };
		A66D962428D856BC008F9079 /* Main.storyboard in Resources */ = {isa = PBXBuildFile; fileRef = A66D962228D856BC008F9079 /* Main.storyboard */; };
		A66D962628D856BD008F9079 /* Assets.xcassets in Resources */ = {isa = PBXBuildFile; fileRef = A66D962528D856BD008F9079 /* Assets.xcassets */; };
		A66D962928D856BD008F9079 /* LaunchScreen.storyboard in Resources */ = {isa = PBXBuildFile; fileRef = A66D962728D856BD008F9079 /* LaunchScreen.storyboard */; };
		A66D963128D9C668008F9079 /* UIUtilities.swift in Sources */ = {isa = PBXBuildFile; fileRef = A66D963028D9C668008F9079 /* UIUtilities.swift */; };
		A6E5962028E6DD9A007456F8 /* grace_hopper.jpeg in Resources */ = {isa = PBXBuildFile; fileRef = A6E5961F28E6DD9A007456F8 /* grace_hopper.jpeg */; };
/* End PBXBuildFile section */

/* Begin PBXFileReference section */
		1E64E749F6CDA06F9F995773 /* Pods_MLKitDemo.framework */ = {isa = PBXFileReference; explicitFileType = wrapper.framework; includeInIndex = 0; path = Pods_MLKitDemo.framework; sourceTree = BUILT_PRODUCTS_DIR; };
		27113348F0D52840B2E8E373 /* Pods-MLKitDemo.release.xcconfig */ = {isa = PBXFileReference; includeInIndex = 1; lastKnownFileType = text.xcconfig; name = "Pods-MLKitDemo.release.xcconfig"; path = "Target Support Files/Pods-MLKitDemo/Pods-MLKitDemo.release.xcconfig"; sourceTree = "<group>"; };
		A63662B928E43DE900EB003F /* PlayerViewController.swift */ = {isa = PBXFileReference; lastKnownFileType = sourcecode.swift; path = PlayerViewController.swift; sourceTree = "<group>"; };
		A63662BC28E6CAC500EB003F /* liberty.jpg */ = {isa = PBXFileReference; lastKnownFileType = image.jpeg; path = liberty.jpg; sourceTree = "<group>"; };
		A63662C128E6D9C400EB003F /* minhanh.jpg */ = {isa = PBXFileReference; lastKnownFileType = image.jpeg; path = minhanh.jpg; sourceTree = "<group>"; };
		A64D459928E9C43300F04672 /* Extension.swift */ = {isa = PBXFileReference; lastKnownFileType = sourcecode.swift; path = Extension.swift; sourceTree = "<group>"; };
		A66D961928D856BC008F9079 /* MLKitDemo.app */ = {isa = PBXFileReference; explicitFileType = wrapper.application; includeInIndex = 0; path = MLKitDemo.app; sourceTree = BUILT_PRODUCTS_DIR; };
		A66D961C28D856BC008F9079 /* AppDelegate.swift */ = {isa = PBXFileReference; lastKnownFileType = sourcecode.swift; path = AppDelegate.swift; sourceTree = "<group>"; };
		A66D961E28D856BC008F9079 /* SceneDelegate.swift */ = {isa = PBXFileReference; lastKnownFileType = sourcecode.swift; path = SceneDelegate.swift; sourceTree = "<group>"; };
		A66D962028D856BC008F9079 /* ViewController.swift */ = {isa = PBXFileReference; lastKnownFileType = sourcecode.swift; path = ViewController.swift; sourceTree = "<group>"; };
		A66D962328D856BC008F9079 /* Base */ = {isa = PBXFileReference; lastKnownFileType = file.storyboard; name = Base; path = Base.lproj/Main.storyboard; sourceTree = "<group>"; };
		A66D962528D856BD008F9079 /* Assets.xcassets */ = {isa = PBXFileReference; lastKnownFileType = folder.assetcatalog; path = Assets.xcassets; sourceTree = "<group>"; };
		A66D962828D856BD008F9079 /* Base */ = {isa = PBXFileReference; lastKnownFileType = file.storyboard; name = Base; path = Base.lproj/LaunchScreen.storyboard; sourceTree = "<group>"; };
		A66D962A28D856BD008F9079 /* Info.plist */ = {isa = PBXFileReference; lastKnownFileType = text.plist.xml; path = Info.plist; sourceTree = "<group>"; };
		A66D963028D9C668008F9079 /* UIUtilities.swift */ = {isa = PBXFileReference; lastKnownFileType = sourcecode.swift; path = UIUtilities.swift; sourceTree = "<group>"; };
		A6E5961F28E6DD9A007456F8 /* grace_hopper.jpeg */ = {isa = PBXFileReference; lastKnownFileType = image.jpeg; path = grace_hopper.jpeg; sourceTree = "<group>"; };
		C427E03F8E96D5FB11E2BFDD /* Pods-MLKitDemo.debug.xcconfig */ = {isa = PBXFileReference; includeInIndex = 1; lastKnownFileType = text.xcconfig; name = "Pods-MLKitDemo.debug.xcconfig"; path = "Target Support Files/Pods-MLKitDemo/Pods-MLKitDemo.debug.xcconfig"; sourceTree = "<group>"; };
/* End PBXFileReference section */

/* Begin PBXFrameworksBuildPhase section */
		A66D961628D856BC008F9079 /* Frameworks */ = {
			isa = PBXFrameworksBuildPhase;
			buildActionMask = 2147483647;
			files = (
				557382BC16D433A2BF153F8B /* Pods_MLKitDemo.framework in Frameworks */,
			);
			runOnlyForDeploymentPostprocessing = 0;
		};
/* End PBXFrameworksBuildPhase section */

/* Begin PBXGroup section */
		A63662BB28E6CA7500EB003F /* Resource */ = {
			isa = PBXGroup;
			children = (
				A6E5961F28E6DD9A007456F8 /* grace_hopper.jpeg */,
				A63662C128E6D9C400EB003F /* minhanh.jpg */,
				A63662BC28E6CAC500EB003F /* liberty.jpg */,
			);
			path = Resource;
			sourceTree = "<group>";
		};
		A66D961028D856BC008F9079 = {
			isa = PBXGroup;
			children = (
				A63662BB28E6CA7500EB003F /* Resource */,
				A66D961B28D856BC008F9079 /* MLKitDemo */,
				A66D961A28D856BC008F9079 /* Products */,
				EA3C1844E756F51D8D628CB2 /* Pods */,
				FAA5C81F40B146DF0A294007 /* Frameworks */,
			);
			sourceTree = "<group>";
		};
		A66D961A28D856BC008F9079 /* Products */ = {
			isa = PBXGroup;
			children = (
				A66D961928D856BC008F9079 /* MLKitDemo.app */,
			);
			name = Products;
			sourceTree = "<group>";
		};
		A66D961B28D856BC008F9079 /* MLKitDemo */ = {
			isa = PBXGroup;
			children = (
				A66D961C28D856BC008F9079 /* AppDelegate.swift */,
				A66D961E28D856BC008F9079 /* SceneDelegate.swift */,
				A66D962028D856BC008F9079 /* ViewController.swift */,
				A66D962228D856BC008F9079 /* Main.storyboard */,
				A66D962528D856BD008F9079 /* Assets.xcassets */,
				A66D962728D856BD008F9079 /* LaunchScreen.storyboard */,
				A66D962A28D856BD008F9079 /* Info.plist */,
				A66D963028D9C668008F9079 /* UIUtilities.swift */,
				A63662B928E43DE900EB003F /* PlayerViewController.swift */,
				A64D459928E9C43300F04672 /* Extension.swift */,
			);
			path = MLKitDemo;
			sourceTree = "<group>";
		};
		EA3C1844E756F51D8D628CB2 /* Pods */ = {
			isa = PBXGroup;
			children = (
				C427E03F8E96D5FB11E2BFDD /* Pods-MLKitDemo.debug.xcconfig */,
				27113348F0D52840B2E8E373 /* Pods-MLKitDemo.release.xcconfig */,
			);
			path = Pods;
			sourceTree = "<group>";
		};
		FAA5C81F40B146DF0A294007 /* Frameworks */ = {
			isa = PBXGroup;
			children = (
				1E64E749F6CDA06F9F995773 /* Pods_MLKitDemo.framework */,
			);
			name = Frameworks;
			sourceTree = "<group>";
		};
/* End PBXGroup section */

/* Begin PBXNativeTarget section */
		A66D961828D856BC008F9079 /* MLKitDemo */ = {
			isa = PBXNativeTarget;
			buildConfigurationList = A66D962D28D856BD008F9079 /* Build configuration list for PBXNativeTarget "MLKitDemo" */;
			buildPhases = (
				1AB1F4BE1D4E956884152CA2 /* [CP] Check Pods Manifest.lock */,
				A66D961528D856BC008F9079 /* Sources */,
				A66D961628D856BC008F9079 /* Frameworks */,
				A66D961728D856BC008F9079 /* Resources */,
				260200AC86E3E679AE8807FB /* [CP] Embed Pods Frameworks */,
				259E212F6B26ECEBE7C9BB14 /* [CP] Copy Pods Resources */,
			);
			buildRules = (
			);
			dependencies = (
			);
			name = MLKitDemo;
			productName = MLKitDemo;
			productReference = A66D961928D856BC008F9079 /* MLKitDemo.app */;
			productType = "com.apple.product-type.application";
		};
/* End PBXNativeTarget section */

/* Begin PBXProject section */
		A66D961128D856BC008F9079 /* Project object */ = {
			isa = PBXProject;
			attributes = {
				BuildIndependentTargetsInParallel = 1;
				LastSwiftUpdateCheck = 1340;
				LastUpgradeCheck = 1340;
				TargetAttributes = {
					A66D961828D856BC008F9079 = {
						CreatedOnToolsVersion = 13.4.1;
					};
				};
			};
			buildConfigurationList = A66D961428D856BC008F9079 /* Build configuration list for PBXProject "MLKitDemo" */;
			compatibilityVersion = "Xcode 13.0";
			developmentRegion = en;
			hasScannedForEncodings = 0;
			knownRegions = (
				en,
				Base,
			);
			mainGroup = A66D961028D856BC008F9079;
			productRefGroup = A66D961A28D856BC008F9079 /* Products */;
			projectDirPath = "";
			projectRoot = "";
			targets = (
				A66D961828D856BC008F9079 /* MLKitDemo */,
			);
		};
/* End PBXProject section */

/* Begin PBXResourcesBuildPhase section */
		A66D961728D856BC008F9079 /* Resources */ = {
			isa = PBXResourcesBuildPhase;
			buildActionMask = 2147483647;
			files = (
				A66D962928D856BD008F9079 /* LaunchScreen.storyboard in Resources */,
				A63662BD28E6CAC700EB003F /* liberty.jpg in Resources */,
				A63662C328E6D9C400EB003F /* minhanh.jpg in Resources */,
				A66D962628D856BD008F9079 /* Assets.xcassets in Resources */,
				A66D962428D856BC008F9079 /* Main.storyboard in Resources */,
				A6E5962028E6DD9A007456F8 /* grace_hopper.jpeg in Resources */,
			);
			runOnlyForDeploymentPostprocessing = 0;
		};
/* End PBXResourcesBuildPhase section */

/* Begin PBXShellScriptBuildPhase section */
		1AB1F4BE1D4E956884152CA2 /* [CP] Check Pods Manifest.lock */ = {
			isa = PBXShellScriptBuildPhase;
			buildActionMask = 2147483647;
			files = (
			);
			inputFileListPaths = (
			);
			inputPaths = (
				"${PODS_PODFILE_DIR_PATH}/Podfile.lock",
				"${PODS_ROOT}/Manifest.lock",
			);
			name = "[CP] Check Pods Manifest.lock";
			outputFileListPaths = (
			);
			outputPaths = (
				"$(DERIVED_FILE_DIR)/Pods-MLKitDemo-checkManifestLockResult.txt",
			);
			runOnlyForDeploymentPostprocessing = 0;
			shellPath = /bin/sh;
			shellScript = "diff \"${PODS_PODFILE_DIR_PATH}/Podfile.lock\" \"${PODS_ROOT}/Manifest.lock\" > /dev/null\nif [ $? != 0 ] ; then\n    # print error to STDERR\n    echo \"error: The sandbox is not in sync with the Podfile.lock. Run 'pod install' or update your CocoaPods installation.\" >&2\n    exit 1\nfi\n# This output is used by Xcode 'outputs' to avoid re-running this script phase.\necho \"SUCCESS\" > \"${SCRIPT_OUTPUT_FILE_0}\"\n";
			showEnvVarsInLog = 0;
		};
		259E212F6B26ECEBE7C9BB14 /* [CP] Copy Pods Resources */ = {
			isa = PBXShellScriptBuildPhase;
			buildActionMask = 2147483647;
			files = (
			);
			inputFileListPaths = (
				"${PODS_ROOT}/Target Support Files/Pods-MLKitDemo/Pods-MLKitDemo-resources-${CONFIGURATION}-input-files.xcfilelist",
			);
			name = "[CP] Copy Pods Resources";
			outputFileListPaths = (
				"${PODS_ROOT}/Target Support Files/Pods-MLKitDemo/Pods-MLKitDemo-resources-${CONFIGURATION}-output-files.xcfilelist",
			);
			runOnlyForDeploymentPostprocessing = 0;
			shellPath = /bin/sh;
			shellScript = "\"${PODS_ROOT}/Target Support Files/Pods-MLKitDemo/Pods-MLKitDemo-resources.sh\"\n";
			showEnvVarsInLog = 0;
		};
		260200AC86E3E679AE8807FB /* [CP] Embed Pods Frameworks */ = {
			isa = PBXShellScriptBuildPhase;
			buildActionMask = 2147483647;
			files = (
			);
			inputFileListPaths = (
				"${PODS_ROOT}/Target Support Files/Pods-MLKitDemo/Pods-MLKitDemo-frameworks-${CONFIGURATION}-input-files.xcfilelist",
			);
			name = "[CP] Embed Pods Frameworks";
			outputFileListPaths = (
				"${PODS_ROOT}/Target Support Files/Pods-MLKitDemo/Pods-MLKitDemo-frameworks-${CONFIGURATION}-output-files.xcfilelist",
			);
			runOnlyForDeploymentPostprocessing = 0;
			shellPath = /bin/sh;
			shellScript = "\"${PODS_ROOT}/Target Support Files/Pods-MLKitDemo/Pods-MLKitDemo-frameworks.sh\"\n";
			showEnvVarsInLog = 0;
		};
/* End PBXShellScriptBuildPhase section */

/* Begin PBXSourcesBuildPhase section */
		A66D961528D856BC008F9079 /* Sources */ = {
			isa = PBXSourcesBuildPhase;
			buildActionMask = 2147483647;
			files = (
				A66D962128D856BC008F9079 /* ViewController.swift in Sources */,
				A66D961D28D856BC008F9079 /* AppDelegate.swift in Sources */,
				A66D963128D9C668008F9079 /* UIUtilities.swift in Sources */,
				A64D459A28E9C43300F04672 /* Extension.swift in Sources */,
				A66D961F28D856BC008F9079 /* SceneDelegate.swift in Sources */,
				A63662BA28E43DE900EB003F /* PlayerViewController.swift in Sources */,
			);
			runOnlyForDeploymentPostprocessing = 0;
		};
/* End PBXSourcesBuildPhase section */

/* Begin PBXVariantGroup section */
		A66D962228D856BC008F9079 /* Main.storyboard */ = {
			isa = PBXVariantGroup;
			children = (
				A66D962328D856BC008F9079 /* Base */,
			);
			name = Main.storyboard;
			sourceTree = "<group>";
		};
		A66D962728D856BD008F9079 /* LaunchScreen.storyboard */ = {
			isa = PBXVariantGroup;
			children = (
				A66D962828D856BD008F9079 /* Base */,
			);
			name = LaunchScreen.storyboard;
			sourceTree = "<group>";
		};
/* End PBXVariantGroup section */

/* Begin XCBuildConfiguration section */
		A66D962B28D856BD008F9079 /* Debug */ = {
			isa = XCBuildConfiguration;
			buildSettings = {
				ALWAYS_SEARCH_USER_PATHS = NO;
				CLANG_ANALYZER_NONNULL = YES;
				CLANG_ANALYZER_NUMBER_OBJECT_CONVERSION = YES_AGGRESSIVE;
				CLANG_CXX_LANGUAGE_STANDARD = "gnu++17";
				CLANG_ENABLE_MODULES = YES;
				CLANG_ENABLE_OBJC_ARC = YES;
				CLANG_ENABLE_OBJC_WEAK = YES;
				CLANG_WARN_BLOCK_CAPTURE_AUTORELEASING = YES;
				CLANG_WARN_BOOL_CONVERSION = YES;
				CLANG_WARN_COMMA = YES;
				CLANG_WARN_CONSTANT_CONVERSION = YES;
				CLANG_WARN_DEPRECATED_OBJC_IMPLEMENTATIONS = YES;
				CLANG_WARN_DIRECT_OBJC_ISA_USAGE = YES_ERROR;
				CLANG_WARN_DOCUMENTATION_COMMENTS = YES;
				CLANG_WARN_EMPTY_BODY = YES;
				CLANG_WARN_ENUM_CONVERSION = YES;
				CLANG_WARN_INFINITE_RECURSION = YES;
				CLANG_WARN_INT_CONVERSION = YES;
				CLANG_WARN_NON_LITERAL_NULL_CONVERSION = YES;
				CLANG_WARN_OBJC_IMPLICIT_RETAIN_SELF = YES;
				CLANG_WARN_OBJC_LITERAL_CONVERSION = YES;
				CLANG_WARN_OBJC_ROOT_CLASS = YES_ERROR;
				CLANG_WARN_QUOTED_INCLUDE_IN_FRAMEWORK_HEADER = YES;
				CLANG_WARN_RANGE_LOOP_ANALYSIS = YES;
				CLANG_WARN_STRICT_PROTOTYPES = YES;
				CLANG_WARN_SUSPICIOUS_MOVE = YES;
				CLANG_WARN_UNGUARDED_AVAILABILITY = YES_AGGRESSIVE;
				CLANG_WARN_UNREACHABLE_CODE = YES;
				CLANG_WARN__DUPLICATE_METHOD_MATCH = YES;
				COPY_PHASE_STRIP = NO;
				DEBUG_INFORMATION_FORMAT = dwarf;
				ENABLE_STRICT_OBJC_MSGSEND = YES;
				ENABLE_TESTABILITY = YES;
				GCC_C_LANGUAGE_STANDARD = gnu11;
				GCC_DYNAMIC_NO_PIC = NO;
				GCC_NO_COMMON_BLOCKS = YES;
				GCC_OPTIMIZATION_LEVEL = 0;
				GCC_PREPROCESSOR_DEFINITIONS = (
					"DEBUG=1",
					"$(inherited)",
				);
				GCC_WARN_64_TO_32_BIT_CONVERSION = YES;
				GCC_WARN_ABOUT_RETURN_TYPE = YES_ERROR;
				GCC_WARN_UNDECLARED_SELECTOR = YES;
				GCC_WARN_UNINITIALIZED_AUTOS = YES_AGGRESSIVE;
				GCC_WARN_UNUSED_FUNCTION = YES;
				GCC_WARN_UNUSED_VARIABLE = YES;
				IPHONEOS_DEPLOYMENT_TARGET = 15.5;
				MTL_ENABLE_DEBUG_INFO = INCLUDE_SOURCE;
				MTL_FAST_MATH = YES;
				ONLY_ACTIVE_ARCH = YES;
				SDKROOT = iphoneos;
				SWIFT_ACTIVE_COMPILATION_CONDITIONS = DEBUG;
				SWIFT_OPTIMIZATION_LEVEL = "-Onone";
			};
			name = Debug;
		};
		A66D962C28D856BD008F9079 /* Release */ = {
			isa = XCBuildConfiguration;
			buildSettings = {
				ALWAYS_SEARCH_USER_PATHS = NO;
				CLANG_ANALYZER_NONNULL = YES;
				CLANG_ANALYZER_NUMBER_OBJECT_CONVERSION = YES_AGGRESSIVE;
				CLANG_CXX_LANGUAGE_STANDARD = "gnu++17";
				CLANG_ENABLE_MODULES = YES;
				CLANG_ENABLE_OBJC_ARC = YES;
				CLANG_ENABLE_OBJC_WEAK = YES;
				CLANG_WARN_BLOCK_CAPTURE_AUTORELEASING = YES;
				CLANG_WARN_BOOL_CONVERSION = YES;
				CLANG_WARN_COMMA = YES;
				CLANG_WARN_CONSTANT_CONVERSION = YES;
				CLANG_WARN_DEPRECATED_OBJC_IMPLEMENTATIONS = YES;
				CLANG_WARN_DIRECT_OBJC_ISA_USAGE = YES_ERROR;
				CLANG_WARN_DOCUMENTATION_COMMENTS = YES;
				CLANG_WARN_EMPTY_BODY = YES;
				CLANG_WARN_ENUM_CONVERSION = YES;
				CLANG_WARN_INFINITE_RECURSION = YES;
				CLANG_WARN_INT_CONVERSION = YES;
				CLANG_WARN_NON_LITERAL_NULL_CONVERSION = YES;
				CLANG_WARN_OBJC_IMPLICIT_RETAIN_SELF = YES;
				CLANG_WARN_OBJC_LITERAL_CONVERSION = YES;
				CLANG_WARN_OBJC_ROOT_CLASS = YES_ERROR;
				CLANG_WARN_QUOTED_INCLUDE_IN_FRAMEWORK_HEADER = YES;
				CLANG_WARN_RANGE_LOOP_ANALYSIS = YES;
				CLANG_WARN_STRICT_PROTOTYPES = YES;
				CLANG_WARN_SUSPICIOUS_MOVE = YES;
				CLANG_WARN_UNGUARDED_AVAILABILITY = YES_AGGRESSIVE;
				CLANG_WARN_UNREACHABLE_CODE = YES;
				CLANG_WARN__DUPLICATE_METHOD_MATCH = YES;
				COPY_PHASE_STRIP = NO;
				DEBUG_INFORMATION_FORMAT = "dwarf-with-dsym";
				ENABLE_NS_ASSERTIONS = NO;
				ENABLE_STRICT_OBJC_MSGSEND = YES;
				GCC_C_LANGUAGE_STANDARD = gnu11;
				GCC_NO_COMMON_BLOCKS = YES;
				GCC_WARN_64_TO_32_BIT_CONVERSION = YES;
				GCC_WARN_ABOUT_RETURN_TYPE = YES_ERROR;
				GCC_WARN_UNDECLARED_SELECTOR = YES;
				GCC_WARN_UNINITIALIZED_AUTOS = YES_AGGRESSIVE;
				GCC_WARN_UNUSED_FUNCTION = YES;
				GCC_WARN_UNUSED_VARIABLE = YES;
				IPHONEOS_DEPLOYMENT_TARGET = 15.5;
				MTL_ENABLE_DEBUG_INFO = NO;
				MTL_FAST_MATH = YES;
				SDKROOT = iphoneos;
				SWIFT_COMPILATION_MODE = wholemodule;
				SWIFT_OPTIMIZATION_LEVEL = "-O";
				VALIDATE_PRODUCT = YES;
			};
			name = Release;
		};
		A66D962E28D856BD008F9079 /* Debug */ = {
			isa = XCBuildConfiguration;
			baseConfigurationReference = C427E03F8E96D5FB11E2BFDD /* Pods-MLKitDemo.debug.xcconfig */;
			buildSettings = {
				ASSETCATALOG_COMPILER_APPICON_NAME = AppIcon;
				ASSETCATALOG_COMPILER_GLOBAL_ACCENT_COLOR_NAME = AccentColor;
				CODE_SIGN_STYLE = Automatic;
				CURRENT_PROJECT_VERSION = 1;
				DEVELOPMENT_TEAM = BBXTXXADT9;
				GENERATE_INFOPLIST_FILE = YES;
				INFOPLIST_FILE = MLKitDemo/Info.plist;
				INFOPLIST_KEY_UIApplicationSupportsIndirectInputEvents = YES;
				INFOPLIST_KEY_UILaunchStoryboardName = LaunchScreen;
				INFOPLIST_KEY_UIMainStoryboardFile = Main;
				INFOPLIST_KEY_UISupportedInterfaceOrientations_iPad = "UIInterfaceOrientationPortrait UIInterfaceOrientationPortraitUpsideDown UIInterfaceOrientationLandscapeLeft UIInterfaceOrientationLandscapeRight";
				INFOPLIST_KEY_UISupportedInterfaceOrientations_iPhone = "UIInterfaceOrientationPortrait UIInterfaceOrientationLandscapeLeft UIInterfaceOrientationLandscapeRight";
				IPHONEOS_DEPLOYMENT_TARGET = 10.0;
				LD_RUNPATH_SEARCH_PATHS = (
					"$(inherited)",
					"@executable_path/Frameworks",
				);
				MARKETING_VERSION = 1.0;
				PRODUCT_BUNDLE_IDENTIFIER = com.hotu.MLKitDemo;
				PRODUCT_NAME = "$(TARGET_NAME)";
				SWIFT_EMIT_LOC_STRINGS = YES;
				SWIFT_VERSION = 5.0;
				TARGETED_DEVICE_FAMILY = "1,2";
			};
			name = Debug;
		};
		A66D962F28D856BD008F9079 /* Release */ = {
			isa = XCBuildConfiguration;
			baseConfigurationReference = 27113348F0D52840B2E8E373 /* Pods-MLKitDemo.release.xcconfig */;
			buildSettings = {
				ASSETCATALOG_COMPILER_APPICON_NAME = AppIcon;
				ASSETCATALOG_COMPILER_GLOBAL_ACCENT_COLOR_NAME = AccentColor;
				CODE_SIGN_STYLE = Automatic;
				CURRENT_PROJECT_VERSION = 1;
				DEVELOPMENT_TEAM = BBXTXXADT9;
				GENERATE_INFOPLIST_FILE = YES;
				INFOPLIST_FILE = MLKitDemo/Info.plist;
				INFOPLIST_KEY_UIApplicationSupportsIndirectInputEvents = YES;
				INFOPLIST_KEY_UILaunchStoryboardName = LaunchScreen;
				INFOPLIST_KEY_UIMainStoryboardFile = Main;
				INFOPLIST_KEY_UISupportedInterfaceOrientations_iPad = "UIInterfaceOrientationPortrait UIInterfaceOrientationPortraitUpsideDown UIInterfaceOrientationLandscapeLeft UIInterfaceOrientationLandscapeRight";
				INFOPLIST_KEY_UISupportedInterfaceOrientations_iPhone = "UIInterfaceOrientationPortrait UIInterfaceOrientationLandscapeLeft UIInterfaceOrientationLandscapeRight";
				IPHONEOS_DEPLOYMENT_TARGET = 10.0;
				LD_RUNPATH_SEARCH_PATHS = (
					"$(inherited)",
					"@executable_path/Frameworks",
				);
				MARKETING_VERSION = 1.0;
				PRODUCT_BUNDLE_IDENTIFIER = com.hotu.MLKitDemo;
				PRODUCT_NAME = "$(TARGET_NAME)";
				SWIFT_EMIT_LOC_STRINGS = YES;
				SWIFT_VERSION = 5.0;
				TARGETED_DEVICE_FAMILY = "1,2";
			};
			name = Release;
		};
/* End XCBuildConfiguration section */

/* Begin XCConfigurationList section */
		A66D961428D856BC008F9079 /* Build configuration list for PBXProject "MLKitDemo" */ = {
			isa = XCConfigurationList;
			buildConfigurations = (
				A66D962B28D856BD008F9079 /* Debug */,
				A66D962C28D856BD008F9079 /* Release */,
			);
			defaultConfigurationIsVisible = 0;
			defaultConfigurationName = Release;
		};
		A66D962D28D856BD008F9079 /* Build configuration list for PBXNativeTarget "MLKitDemo" */ = {
			isa = XCConfigurationList;
			buildConfigurations = (
				A66D962E28D856BD008F9079 /* Debug */,
				A66D962F28D856BD008F9079 /* Release */,
			);
			defaultConfigurationIsVisible = 0;
			defaultConfigurationName = Release;
		};
/* End XCConfigurationList section */
	};
	rootObject = A66D961128D856BC008F9079 /* Project object */;
}
